{
  "object": {
    "pins": [
      {
        "package": "CSSH2",
        "repositoryURL": "https://github.com/Lakr233/libssh2-spm",
        "state": {
          "branch": null,
          "revision": "5e066ae4460b4041258c09fba5b02d4652daa8e1",
          "version": "1.11.2"
        }
      },
      {
        "package": "OpenSSL",
        "repositoryURL": "https://github.com/Lakr233/openssl-spm.git",
        "state": {
          "branch": null,
          "revision": "9be63932e6b4f9dc5bedfe8ca06deab3f4441160",
          "version": "3.2.1"
        }
      }
    ]
  },
  "version": 1
}
