{
  "object": {
    "pins": [
      {
        "package": "CSSH2",
        "repositoryURL": "https://github.com/Lakr233/libssh2-spm",
        "state": {
          "branch": null,
          "revision": "d211fdf8587532cd952927d9f9f3f5167ce6a77f",
          "version": "2.0.3"
        }
      },
      {
        "package": "OpenSSL",
        "repositoryURL": "https://github.com/Lakr233/openssl-spm.git",
        "state": {
          "branch": null,
          "revision": "a96e5c4e0316a1006957ecd089bd313e54e55bde",
          "version": "3.6.0"
        }
      }
    ]
  },
  "version": 1
}
